
Microsoft Visual Studio Solution File, Format Version 12.00
Project("{FAE04EC0-301F-11D3-BF4B-00C04F79EFBC}") = "Balance", "Balance\Balance.csproj", "{8BFE4595-AE7F-4059-ADAD-73034AC4F332}"
EndProject
Project("{FAE04EC0-301F-11D3-BF4B-00C04F79EFBC}") = "Balance.Tests", "Balance.Tests\Balance.Tests.csproj", "{8A8AC55E-D2B6-499F-AC6F-74D1254BB43B}"
EndProject
Project("{FAE04EC0-301F-11D3-BF4B-00C04F79EFBC}") = "FizzBuzz", "FizzBuzz\FizzBuzz.csproj", "{94CE7B52-CB20-47FF-B661-2B9355EF59EF}"
EndProject
Project("{FAE04EC0-301F-11D3-BF4B-00C04F79EFBC}") = "FizzBuzz.Tests", "FizzBuzz.Tests\FizzBuzz.Tests.csproj", "{B9C0D47C-FA79-4BF4-B315-77BC53F53559}"
EndProject
Project("{FAE04EC0-301F-11D3-BF4B-00C04F79EFBC}") = "FizzBuzz.Benchmarks", "FizzBuzz.Benchmarks\FizzBuzz.Benchmarks.csproj", "{B7ED54B8-E888-4751-B811-EB00DE10DD2F}"
EndProject
Project("{FAE04EC0-301F-11D3-BF4B-00C04F79EFBC}") = "Optimisations", "Optimisations\Optimisations.csproj", "{6E3F0DB5-39ED-4EC8-8BEA-C2DC18518796}"
EndProject
Project("{FAE04EC0-301F-11D3-BF4B-00C04F79EFBC}") = "Optimisations.Tests", "Optimisations.Tests\Optimisations.Tests.csproj", "{79253467-F869-4E6E-99E4-198AD33950B6}"
EndProject
Project("{FAE04EC0-301F-11D3-BF4B-00C04F79EFBC}") = "Optimisations.Benchmarks", "Optimisations.Benchmarks\Optimisations.Benchmarks.csproj", "{5FDFE3A7-A2E2-4DDA-8471-484ED577C252}"
EndProject
Global
	GlobalSection(SolutionConfigurationPlatforms) = preSolution
		Debug|Any CPU = Debug|Any CPU
		Release|Any CPU = Release|Any CPU
	EndGlobalSection
	GlobalSection(ProjectConfigurationPlatforms) = postSolution
		{8BFE4595-AE7F-4059-ADAD-73034AC4F332}.Debug|Any CPU.ActiveCfg = Debug|Any CPU
		{8BFE4595-AE7F-4059-ADAD-73034AC4F332}.Debug|Any CPU.Build.0 = Debug|Any CPU
		{8BFE4595-AE7F-4059-ADAD-73034AC4F332}.Release|Any CPU.ActiveCfg = Release|Any CPU
		{8BFE4595-AE7F-4059-ADAD-73034AC4F332}.Release|Any CPU.Build.0 = Release|Any CPU
		{8A8AC55E-D2B6-499F-AC6F-74D1254BB43B}.Debug|Any CPU.ActiveCfg = Debug|Any CPU
		{8A8AC55E-D2B6-499F-AC6F-74D1254BB43B}.Debug|Any CPU.Build.0 = Debug|Any CPU
		{8A8AC55E-D2B6-499F-AC6F-74D1254BB43B}.Release|Any CPU.ActiveCfg = Release|Any CPU
		{8A8AC55E-D2B6-499F-AC6F-74D1254BB43B}.Release|Any CPU.Build.0 = Release|Any CPU
		{94CE7B52-CB20-47FF-B661-2B9355EF59EF}.Debug|Any CPU.ActiveCfg = Debug|Any CPU
		{94CE7B52-CB20-47FF-B661-2B9355EF59EF}.Debug|Any CPU.Build.0 = Debug|Any CPU
		{94CE7B52-CB20-47FF-B661-2B9355EF59EF}.Release|Any CPU.ActiveCfg = Release|Any CPU
		{94CE7B52-CB20-47FF-B661-2B9355EF59EF}.Release|Any CPU.Build.0 = Release|Any CPU
		{B9C0D47C-FA79-4BF4-B315-77BC53F53559}.Debug|Any CPU.ActiveCfg = Debug|Any CPU
		{B9C0D47C-FA79-4BF4-B315-77BC53F53559}.Debug|Any CPU.Build.0 = Debug|Any CPU
		{B9C0D47C-FA79-4BF4-B315-77BC53F53559}.Release|Any CPU.ActiveCfg = Release|Any CPU
		{B9C0D47C-FA79-4BF4-B315-77BC53F53559}.Release|Any CPU.Build.0 = Release|Any CPU
		{B7ED54B8-E888-4751-B811-EB00DE10DD2F}.Debug|Any CPU.ActiveCfg = Debug|Any CPU
		{B7ED54B8-E888-4751-B811-EB00DE10DD2F}.Debug|Any CPU.Build.0 = Debug|Any CPU
		{B7ED54B8-E888-4751-B811-EB00DE10DD2F}.Release|Any CPU.ActiveCfg = Release|Any CPU
		{B7ED54B8-E888-4751-B811-EB00DE10DD2F}.Release|Any CPU.Build.0 = Release|Any CPU
		{6E3F0DB5-39ED-4EC8-8BEA-C2DC18518796}.Debug|Any CPU.ActiveCfg = Debug|Any CPU
		{6E3F0DB5-39ED-4EC8-8BEA-C2DC18518796}.Debug|Any CPU.Build.0 = Debug|Any CPU
		{6E3F0DB5-39ED-4EC8-8BEA-C2DC18518796}.Release|Any CPU.ActiveCfg = Release|Any CPU
		{6E3F0DB5-39ED-4EC8-8BEA-C2DC18518796}.Release|Any CPU.Build.0 = Release|Any CPU
		{79253467-F869-4E6E-99E4-198AD33950B6}.Debug|Any CPU.ActiveCfg = Debug|Any CPU
		{79253467-F869-4E6E-99E4-198AD33950B6}.Debug|Any CPU.Build.0 = Debug|Any CPU
		{79253467-F869-4E6E-99E4-198AD33950B6}.Release|Any CPU.ActiveCfg = Release|Any CPU
		{79253467-F869-4E6E-99E4-198AD33950B6}.Release|Any CPU.Build.0 = Release|Any CPU
		{5FDFE3A7-A2E2-4DDA-8471-484ED577C252}.Debug|Any CPU.ActiveCfg = Debug|Any CPU
		{5FDFE3A7-A2E2-4DDA-8471-484ED577C252}.Debug|Any CPU.Build.0 = Debug|Any CPU
		{5FDFE3A7-A2E2-4DDA-8471-484ED577C252}.Release|Any CPU.ActiveCfg = Release|Any CPU
		{5FDFE3A7-A2E2-4DDA-8471-484ED577C252}.Release|Any CPU.Build.0 = Release|Any CPU
	EndGlobalSection
EndGlobal
